
Microsoft Visual Studio Solution File, Format Version 12.00
# Visual Studio 15
VisualStudioVersion = 15.0.27004.2005
MinimumVisualStudioVersion = 10.0.40219.1
Project("{FAE04EC0-301F-11D3-BF4B-00C04F79EFBC}") = "Training 00", "Network-programming-training\Training 00.csproj", "{2300DCA8-1210-4ED9-811D-D8564E629AA8}"
EndProject
Project("{FAE04EC0-301F-11D3-BF4B-00C04F79EFBC}") = "Server", "Server\Server.csproj", "{C5E1D44F-8856-4ECE-9C7E-1CC3C6624270}"
EndProject
Project("{FAE04EC0-301F-11D3-BF4B-00C04F79EFBC}") = "Client", "Client\Client.csproj", "{946D8378-3117-4F3C-930A-1A5FF4400125}"
EndProject
Project("{FAE04EC0-301F-11D3-BF4B-00C04F79EFBC}") = "Browser", "Browser\Browser.csproj", "{0744FD95-E08E-47D1-A3FE-7A5276D1575A}"
EndProject
Global
	GlobalSection(SolutionConfigurationPlatforms) = preSolution
		Debug|Any CPU = Debug|Any CPU
		Debug|x64 = Debug|x64
		Debug|x86 = Debug|x86
		Release|Any CPU = Release|Any CPU
		Release|x64 = Release|x64
		Release|x86 = Release|x86
	EndGlobalSection
	GlobalSection(ProjectConfigurationPlatforms) = postSolution
		{2300DCA8-1210-4ED9-811D-D8564E629AA8}.Debug|Any CPU.ActiveCfg = Debug|Any CPU
		{2300DCA8-1210-4ED9-811D-D8564E629AA8}.Debug|Any CPU.Build.0 = Debug|Any CPU
		{2300DCA8-1210-4ED9-811D-D8564E629AA8}.Debug|x64.ActiveCfg = Debug|Any CPU
		{2300DCA8-1210-4ED9-811D-D8564E629AA8}.Debug|x64.Build.0 = Debug|Any CPU
		{2300DCA8-1210-4ED9-811D-D8564E629AA8}.Debug|x86.ActiveCfg = Debug|Any CPU
		{2300DCA8-1210-4ED9-811D-D8564E629AA8}.Debug|x86.Build.0 = Debug|Any CPU
		{2300DCA8-1210-4ED9-811D-D8564E629AA8}.Release|Any CPU.ActiveCfg = Release|Any CPU
		{2300DCA8-1210-4ED9-811D-D8564E629AA8}.Release|Any CPU.Build.0 = Release|Any CPU
		{2300DCA8-1210-4ED9-811D-D8564E629AA8}.Release|x64.ActiveCfg = Release|Any CPU
		{2300DCA8-1210-4ED9-811D-D8564E629AA8}.Release|x64.Build.0 = Release|Any CPU
		{2300DCA8-1210-4ED9-811D-D8564E629AA8}.Release|x86.ActiveCfg = Release|Any CPU
		{2300DCA8-1210-4ED9-811D-D8564E629AA8}.Release|x86.Build.0 = Release|Any CPU
		{C5E1D44F-8856-4ECE-9C7E-1CC3C6624270}.Debug|Any CPU.ActiveCfg = Debug|Any CPU
		{C5E1D44F-8856-4ECE-9C7E-1CC3C6624270}.Debug|Any CPU.Build.0 = Debug|Any CPU
		{C5E1D44F-8856-4ECE-9C7E-1CC3C6624270}.Debug|x64.ActiveCfg = Debug|Any CPU
		{C5E1D44F-8856-4ECE-9C7E-1CC3C6624270}.Debug|x64.Build.0 = Debug|Any CPU
		{C5E1D44F-8856-4ECE-9C7E-1CC3C6624270}.Debug|x86.ActiveCfg = Debug|Any CPU
		{C5E1D44F-8856-4ECE-9C7E-1CC3C6624270}.Debug|x86.Build.0 = Debug|Any CPU
		{C5E1D44F-8856-4ECE-9C7E-1CC3C6624270}.Release|Any CPU.ActiveCfg = Release|Any CPU
		{C5E1D44F-8856-4ECE-9C7E-1CC3C6624270}.Release|Any CPU.Build.0 = Release|Any CPU
		{C5E1D44F-8856-4ECE-9C7E-1CC3C6624270}.Release|x64.ActiveCfg = Release|Any CPU
		{C5E1D44F-8856-4ECE-9C7E-1CC3C6624270}.Release|x64.Build.0 = Release|Any CPU
		{C5E1D44F-8856-4ECE-9C7E-1CC3C6624270}.Release|x86.ActiveCfg = Release|Any CPU
		{C5E1D44F-8856-4ECE-9C7E-1CC3C6624270}.Release|x86.Build.0 = Release|Any CPU
		{946D8378-3117-4F3C-930A-1A5FF4400125}.Debug|Any CPU.ActiveCfg = Debug|Any CPU
		{946D8378-3117-4F3C-930A-1A5FF4400125}.Debug|Any CPU.Build.0 = Debug|Any CPU
		{946D8378-3117-4F3C-930A-1A5FF4400125}.Debug|x64.ActiveCfg = Debug|Any CPU
		{946D8378-3117-4F3C-930A-1A5FF4400125}.Debug|x64.Build.0 = Debug|Any CPU
		{946D8378-3117-4F3C-930A-1A5FF4400125}.Debug|x86.ActiveCfg = Debug|Any CPU
		{946D8378-3117-4F3C-930A-1A5FF4400125}.Debug|x86.Build.0 = Debug|Any CPU
		{946D8378-3117-4F3C-930A-1A5FF4400125}.Release|Any CPU.ActiveCfg = Release|Any CPU
		{946D8378-3117-4F3C-930A-1A5FF4400125}.Release|Any CPU.Build.0 = Release|Any CPU
		{946D8378-3117-4F3C-930A-1A5FF4400125}.Release|x64.ActiveCfg = Release|Any CPU
		{946D8378-3117-4F3C-930A-1A5FF4400125}.Release|x64.Build.0 = Release|Any CPU
		{946D8378-3117-4F3C-930A-1A5FF4400125}.Release|x86.ActiveCfg = Release|Any CPU
		{946D8378-3117-4F3C-930A-1A5FF4400125}.Release|x86.Build.0 = Release|Any CPU
		{0744FD95-E08E-47D1-A3FE-7A5276D1575A}.Debug|Any CPU.ActiveCfg = Debug|x86
		{0744FD95-E08E-47D1-A3FE-7A5276D1575A}.Debug|Any CPU.Build.0 = Debug|x86
		{0744FD95-E08E-47D1-A3FE-7A5276D1575A}.Debug|x64.ActiveCfg = Debug|x64
		{0744FD95-E08E-47D1-A3FE-7A5276D1575A}.Debug|x64.Build.0 = Debug|x64
		{0744FD95-E08E-47D1-A3FE-7A5276D1575A}.Debug|x86.ActiveCfg = Debug|x86
		{0744FD95-E08E-47D1-A3FE-7A5276D1575A}.Debug|x86.Build.0 = Debug|x86
		{0744FD95-E08E-47D1-A3FE-7A5276D1575A}.Release|Any CPU.ActiveCfg = Release|x86
		{0744FD95-E08E-47D1-A3FE-7A5276D1575A}.Release|Any CPU.Build.0 = Release|x86
		{0744FD95-E08E-47D1-A3FE-7A5276D1575A}.Release|x64.ActiveCfg = Release|Any CPU
		{0744FD95-E08E-47D1-A3FE-7A5276D1575A}.Release|x64.Build.0 = Release|Any CPU
		{0744FD95-E08E-47D1-A3FE-7A5276D1575A}.Release|x86.ActiveCfg = Release|Any CPU
		{0744FD95-E08E-47D1-A3FE-7A5276D1575A}.Release|x86.Build.0 = Release|Any CPU
	EndGlobalSection
	GlobalSection(SolutionProperties) = preSolution
		HideSolutionNode = FALSE
	EndGlobalSection
	GlobalSection(ExtensibilityGlobals) = postSolution
		SolutionGuid = {E8369571-9A86-480F-BB95-528F6508E021}
	EndGlobalSection
EndGlobal
